
Microsoft Visual Studio Solution File, Format Version 12.00
# Visual Studio Version 16
VisualStudioVersion = 16.0.29230.47
MinimumVisualStudioVersion = 10.0.40219.1
Project("{FAE04EC0-301F-11D3-BF4B-00C04F79EFBC}") = "Vic.SportsStore.WebApp", "Vic.SportsStore.WebApp\Vic.SportsStore.WebApp.csproj", "{F501F297-4790-4FE8-9C09-AC832589D992}"
EndProject
Project("{FAE04EC0-301F-11D3-BF4B-00C04F79EFBC}") = "Vic.SportsStore.Domain", "Vic.SportsStore.Domain\Vic.SportsStore.Domain.csproj", "{D736C18C-1528-423B-B960-CB9F06CB765C}"
EndProject
Global
	GlobalSection(SolutionConfigurationPlatforms) = preSolution
		Debug|Any CPU = Debug|Any CPU
		Release|Any CPU = Release|Any CPU
	EndGlobalSection
	GlobalSection(ProjectConfigurationPlatforms) = postSolution
		{F501F297-4790-4FE8-9C09-AC832589D992}.Debug|Any CPU.ActiveCfg = Debug|Any CPU
		{F501F297-4790-4FE8-9C09-AC832589D992}.Debug|Any CPU.Build.0 = Debug|Any CPU
		{F501F297-4790-4FE8-9C09-AC832589D992}.Release|Any CPU.ActiveCfg = Release|Any CPU
		{F501F297-4790-4FE8-9C09-AC832589D992}.Release|Any CPU.Build.0 = Release|Any CPU
		{D736C18C-1528-423B-B960-CB9F06CB765C}.Debug|Any CPU.ActiveCfg = Debug|Any CPU
		{D736C18C-1528-423B-B960-CB9F06CB765C}.Debug|Any CPU.Build.0 = Debug|Any CPU
		{D736C18C-1528-423B-B960-CB9F06CB765C}.Release|Any CPU.ActiveCfg = Release|Any CPU
		{D736C18C-1528-423B-B960-CB9F06CB765C}.Release|Any CPU.Build.0 = Release|Any CPU
	EndGlobalSection
	GlobalSection(SolutionProperties) = preSolution
		HideSolutionNode = FALSE
	EndGlobalSection
	GlobalSection(ExtensibilityGlobals) = postSolution
		SolutionGuid = {3CE92FA0-6E5A-4E21-ACA4-CC7350E3F609}
	EndGlobalSection
EndGlobal
